
Microsoft Visual Studio Solution File, Format Version 12.00
# Visual Studio Version 16
VisualStudioVersion = 16.0.30717.126
MinimumVisualStudioVersion = 10.0.40219.1
Project("{FAE04EC0-301F-11D3-BF4B-00C04F79EFBC}") = "K_R", "K_R.csproj", "{0818AD31-3BFA-439E-B519-2B789D482918}"
EndProject
Global
	GlobalSection(SolutionConfigurationPlatforms) = preSolution
		Debug|Any CPU = Debug|Any CPU
		Release|Any CPU = Release|Any CPU
	EndGlobalSection
	GlobalSection(ProjectConfigurationPlatforms) = postSolution
		{0818AD31-3BFA-439E-B519-2B789D482918}.Debug|Any CPU.ActiveCfg = Debug|Any CPU
		{0818AD31-3BFA-439E-B519-2B789D482918}.Debug|Any CPU.Build.0 = Debug|Any CPU
		{0818AD31-3BFA-439E-B519-2B789D482918}.Release|Any CPU.ActiveCfg = Release|Any CPU
		{0818AD31-3BFA-439E-B519-2B789D482918}.Release|Any CPU.Build.0 = Release|Any CPU
	EndGlobalSection
	GlobalSection(SolutionProperties) = preSolution
		HideSolutionNode = FALSE
	EndGlobalSection
	GlobalSection(ExtensibilityGlobals) = postSolution
		SolutionGuid = {ABEDE471-27F8-4C69-B544-2001487CF739}
	EndGlobalSection
EndGlobal
